
Microsoft Visual Studio Solution File, Format Version 12.00
# Visual Studio 15
VisualStudioVersion = 15.0.27703.2026
MinimumVisualStudioVersion = 10.0.40219.1
Project("{FAE04EC0-301F-11D3-BF4B-00C04F79EFBC}") = "WebAPI", "src\WebAPI\WebAPI.csproj", "{88AD9BC8-A836-4FF5-BD84-9D26DED2A05A}"
EndProject
Global
	GlobalSection(SolutionConfigurationPlatforms) = preSolution
		Debug|Any CPU = Debug|Any CPU
		Release|Any CPU = Release|Any CPU
	EndGlobalSection
	GlobalSection(ProjectConfigurationPlatforms) = postSolution
		{88AD9BC8-A836-4FF5-BD84-9D26DED2A05A}.Debug|Any CPU.ActiveCfg = Debug|Any CPU
		{88AD9BC8-A836-4FF5-BD84-9D26DED2A05A}.Debug|Any CPU.Build.0 = Debug|Any CPU
		{88AD9BC8-A836-4FF5-BD84-9D26DED2A05A}.Release|Any CPU.ActiveCfg = Release|Any CPU
		{88AD9BC8-A836-4FF5-BD84-9D26DED2A05A}.Release|Any CPU.Build.0 = Release|Any CPU
	EndGlobalSection
	GlobalSection(SolutionProperties) = preSolution
		HideSolutionNode = FALSE
	EndGlobalSection
	GlobalSection(ExtensibilityGlobals) = postSolution
		SolutionGuid = {788993A1-0450-404B-8BE4-A5D28ECC63AC}
	EndGlobalSection
EndGlobal
